
Microsoft Visual Studio Solution File, Format Version 12.00
# Visual Studio Version 17
VisualStudioVersion = 17.7.34003.232
MinimumVisualStudioVersion = 10.0.40219.1
Project("{FAE04EC0-301F-11D3-BF4B-00C04F79EFBC}") = "LinkedLists", "LinkedLists\LinkedLists.csproj", "{B6CF94B3-3FE1-4926-B466-142436E74EA0}"
EndProject
Project("{FAE04EC0-301F-11D3-BF4B-00C04F79EFBC}") = "Runner", "Runner\Runner.csproj", "{C2EAE788-D433-444F-8E93-8ED227A10EDF}"
EndProject
Global
	GlobalSection(SolutionConfigurationPlatforms) = preSolution
		Debug|Any CPU = Debug|Any CPU
		Release|Any CPU = Release|Any CPU
	EndGlobalSection
	GlobalSection(ProjectConfigurationPlatforms) = postSolution
		{B6CF94B3-3FE1-4926-B466-142436E74EA0}.Debug|Any CPU.ActiveCfg = Debug|Any CPU
		{B6CF94B3-3FE1-4926-B466-142436E74EA0}.Debug|Any CPU.Build.0 = Debug|Any CPU
		{B6CF94B3-3FE1-4926-B466-142436E74EA0}.Release|Any CPU.ActiveCfg = Release|Any CPU
		{B6CF94B3-3FE1-4926-B466-142436E74EA0}.Release|Any CPU.Build.0 = Release|Any CPU
		{C2EAE788-D433-444F-8E93-8ED227A10EDF}.Debug|Any CPU.ActiveCfg = Debug|Any CPU
		{C2EAE788-D433-444F-8E93-8ED227A10EDF}.Debug|Any CPU.Build.0 = Debug|Any CPU
		{C2EAE788-D433-444F-8E93-8ED227A10EDF}.Release|Any CPU.ActiveCfg = Release|Any CPU
		{C2EAE788-D433-444F-8E93-8ED227A10EDF}.Release|Any CPU.Build.0 = Release|Any CPU
	EndGlobalSection
	GlobalSection(SolutionProperties) = preSolution
		HideSolutionNode = FALSE
	EndGlobalSection
	GlobalSection(ExtensibilityGlobals) = postSolution
		SolutionGuid = {0989329F-0734-403C-9B7E-6171B3532839}
	EndGlobalSection
EndGlobal
